
Microsoft Visual Studio Solution File, Format Version 12.00
# Visual Studio Version 17
VisualStudioVersion = 17.0.31903.59
MinimumVisualStudioVersion = 10.0.40219.1
Project("{2150E333-8FDC-42A3-9474-1A3956D46DE8}") = "src", "src", "{827E0CD3-B72D-47B6-A68D-7590B98EB39B}"
EndProject
Project("{FAE04EC0-301F-11D3-BF4B-00C04F79EFBC}") = "WorkOrderDesk", "src\WorkOrderDesk\WorkOrderDesk.csproj", "{53DD4004-C203-4BF4-8154-B21243A5C7D4}"
EndProject
Project("{2150E333-8FDC-42A3-9474-1A3956D46DE8}") = "tests", "tests", "{0AB3BF05-4346-4AA6-1389-037BE0695223}"
EndProject
Project("{FAE04EC0-301F-11D3-BF4B-00C04F79EFBC}") = "WorkOrderDesk.Tests", "tests\WorkOrderDesk.Tests\WorkOrderDesk.Tests.csproj", "{E38B759E-CE24-47CD-9D70-F66A296E5987}"
EndProject
Global
	GlobalSection(SolutionConfigurationPlatforms) = preSolution
		Debug|Any CPU = Debug|Any CPU
		Debug|x64 = Debug|x64
		Debug|x86 = Debug|x86
		Release|Any CPU = Release|Any CPU
		Release|x64 = Release|x64
		Release|x86 = Release|x86
	EndGlobalSection
	GlobalSection(ProjectConfigurationPlatforms) = postSolution
		{53DD4004-C203-4BF4-8154-B21243A5C7D4}.Debug|Any CPU.ActiveCfg = Debug|Any CPU
		{53DD4004-C203-4BF4-8154-B21243A5C7D4}.Debug|Any CPU.Build.0 = Debug|Any CPU
		{53DD4004-C203-4BF4-8154-B21243A5C7D4}.Debug|x64.ActiveCfg = Debug|Any CPU
		{53DD4004-C203-4BF4-8154-B21243A5C7D4}.Debug|x64.Build.0 = Debug|Any CPU
		{53DD4004-C203-4BF4-8154-B21243A5C7D4}.Debug|x86.ActiveCfg = Debug|Any CPU
		{53DD4004-C203-4BF4-8154-B21243A5C7D4}.Debug|x86.Build.0 = Debug|Any CPU
		{53DD4004-C203-4BF4-8154-B21243A5C7D4}.Release|Any CPU.ActiveCfg = Release|Any CPU
		{53DD4004-C203-4BF4-8154-B21243A5C7D4}.Release|Any CPU.Build.0 = Release|Any CPU
		{53DD4004-C203-4BF4-8154-B21243A5C7D4}.Release|x64.ActiveCfg = Release|Any CPU
		{53DD4004-C203-4BF4-8154-B21243A5C7D4}.Release|x64.Build.0 = Release|Any CPU
		{53DD4004-C203-4BF4-8154-B21243A5C7D4}.Release|x86.ActiveCfg = Release|Any CPU
		{53DD4004-C203-4BF4-8154-B21243A5C7D4}.Release|x86.Build.0 = Release|Any CPU
		{E38B759E-CE24-47CD-9D70-F66A296E5987}.Debug|Any CPU.ActiveCfg = Debug|Any CPU
		{E38B759E-CE24-47CD-9D70-F66A296E5987}.Debug|Any CPU.Build.0 = Debug|Any CPU
		{E38B759E-CE24-47CD-9D70-F66A296E5987}.Debug|x64.ActiveCfg = Debug|Any CPU
		{E38B759E-CE24-47CD-9D70-F66A296E5987}.Debug|x64.Build.0 = Debug|Any CPU
		{E38B759E-CE24-47CD-9D70-F66A296E5987}.Debug|x86.ActiveCfg = Debug|Any CPU
		{E38B759E-CE24-47CD-9D70-F66A296E5987}.Debug|x86.Build.0 = Debug|Any CPU
		{E38B759E-CE24-47CD-9D70-F66A296E5987}.Release|Any CPU.ActiveCfg = Release|Any CPU
		{E38B759E-CE24-47CD-9D70-F66A296E5987}.Release|Any CPU.Build.0 = Release|Any CPU
		{E38B759E-CE24-47CD-9D70-F66A296E5987}.Release|x64.ActiveCfg = Release|Any CPU
		{E38B759E-CE24-47CD-9D70-F66A296E5987}.Release|x64.Build.0 = Release|Any CPU
		{E38B759E-CE24-47CD-9D70-F66A296E5987}.Release|x86.ActiveCfg = Release|Any CPU
		{E38B759E-CE24-47CD-9D70-F66A296E5987}.Release|x86.Build.0 = Release|Any CPU
	EndGlobalSection
	GlobalSection(SolutionProperties) = preSolution
		HideSolutionNode = FALSE
	EndGlobalSection
	GlobalSection(NestedProjects) = preSolution
		{53DD4004-C203-4BF4-8154-B21243A5C7D4} = {827E0CD3-B72D-47B6-A68D-7590B98EB39B}
		{E38B759E-CE24-47CD-9D70-F66A296E5987} = {0AB3BF05-4346-4AA6-1389-037BE0695223}
	EndGlobalSection
EndGlobal
